Project("{9A19103F-16F7-4668-BE54-9A1E7A4F7556}") = "Microsoft.ReactNative.Managed.CodeGen", "..\node_modules\react-native-windows\Microsoft.ReactNative.Managed.CodeGen\Microsoft.ReactNative.Managed.CodeGen.csproj", "{ADED4FBE-887D-4271-AF24-F0823BCE7961}"
EndProject
<!--{[{-->
Project("{8BC9CEB8-8B4A-11D0-8D11-00A0C91BC942}") = "ReactNativePicker", "..\node_modules\@react-native-picker\picker\windows\ReactNativePicker\ReactNativePicker.vcxproj", "{BEDCC600-4541-41F2-AA46-9E058202B6AD}"
EndProject
<!--}]}-->
Global
	GlobalSection(SharedMSBuildProjectFiles) = preSolution
